 (cd "$(git rev-parse --show-toplevel)" && git apply --3way <<'EOF' 
diff --git a/package-lock.json b/package-lock.json
new file mode 100644
index 0000000000000000000000000000000000000000..82170a530fd8eb7cef2fcef9e2d475b1bfad3bbe
--- /dev/null
+++ b/package-lock.json
@@ -0,0 +1,13 @@
+{
+  "name": "telegram-mini-shop",
+  "version": "1.0.0",
+  "lockfileVersion": 3,
+  "requires": true,
+  "packages": {
+    "": {
+      "name": "telegram-mini-shop",
+      "version": "1.0.0",
+      "license": "MIT"
+    }
+  }
+}
 
EOF
)
